// !$*UTF8*$!
{
	archiveVersion = 1;
	classes = {
	};
	objectVersion = 46;
	objects = {

/* Begin PBXBuildFile section */
		BBCC721F1FFBB9020090C7E0 /* DFRFoundation.framework in Frameworks */ = {isa = PBXBuildFile; fileRef = BBCC721E1FFBB9020090C7E0 /* DFRFoundation.framework */; };
		BBE1CE511EE27A4300445D54 /* AppDelegate.swift in Sources */ = {isa = PBXBuildFile; fileRef = BBE1CE501EE27A4300445D54 /* AppDelegate.swift */; };
		BBE1CE551EE27A4300445D54 /* Assets.xcassets in Resources */ = {isa = PBXBuildFile; fileRef = BBE1CE541EE27A4300445D54 /* Assets.xcassets */; };
		BBE1CE691EE27BE300445D54 /* TouchBarController.swift in Sources */ = {isa = PBXBuildFile; fileRef = BBE1CE681EE27BE300445D54 /* TouchBarController.swift */; };
		BBE1ED911FFBCB820022BD3A /* Constants.swift in Sources */ = {isa = PBXBuildFile; fileRef = BBE1ED901FFBCB820022BD3A /* Constants.swift */; };
		E97A33EA2040EC5600BD8B28 /* Main.storyboard in Resources */ = {isa = PBXBuildFile; fileRef = E97A33E92040EC5600BD8B28 /* Main.storyboard */; };
/* End PBXBuildFile section */

/* Begin PBXFileReference section */
		BBCC721E1FFBB9020090C7E0 /* DFRFoundation.framework */ = {isa = PBXFileReference; lastKnownFileType = wrapper.framework; name = DFRFoundation.framework; path = /System/Library/PrivateFrameworks/DFRFoundation.framework; sourceTree = "<absolute>"; };
		BBE1CE4D1EE27A4300445D54 /* Shrug.app */ = {isa = PBXFileReference; explicitFileType = wrapper.application; includeInIndex = 0; path = Shrug.app; sourceTree = BUILT_PRODUCTS_DIR; };
		BBE1CE501EE27A4300445D54 /* AppDelegate.swift */ = {isa = PBXFileReference; lastKnownFileType = sourcecode.swift; path = AppDelegate.swift; sourceTree = "<group>"; };
		BBE1CE541EE27A4300445D54 /* Assets.xcassets */ = {isa = PBXFileReference; lastKnownFileType = folder.assetcatalog; path = Assets.xcassets; sourceTree = "<group>"; };
		BBE1CE591EE27A4400445D54 /* Info.plist */ = {isa = PBXFileReference; lastKnownFileType = text.plist.xml; path = Info.plist; sourceTree = "<group>"; };
		BBE1CE631EE27B2800445D54 /* TouchBarPrivateAPI.h */ = {isa = PBXFileReference; fileEncoding = 4; lastKnownFileType = sourcecode.c.h; path = TouchBarPrivateAPI.h; sourceTree = "<group>"; };
		BBE1CE641EE27B3800445D54 /* Shrug-Bridging-Header.h */ = {isa = PBXFileReference; lastKnownFileType = sourcecode.c.h; path = "Shrug-Bridging-Header.h"; sourceTree = "<group>"; };
		BBE1CE681EE27BE300445D54 /* TouchBarController.swift */ = {isa = PBXFileReference; fileEncoding = 4; lastKnownFileType = sourcecode.swift; path = TouchBarController.swift; sourceTree = "<group>"; };
		BBE1ED901FFBCB820022BD3A /* Constants.swift */ = {isa = PBXFileReference; lastKnownFileType = sourcecode.swift; path = Constants.swift; sourceTree = "<group>"; };
		E97A33E42040DD0E00BD8B28 /* PostCommandKey.h */ = {isa = PBXFileReference; lastKnownFileType = sourcecode.c.h; path = PostCommandKey.h; sourceTree = "<group>"; };
		E97A33E92040EC5600BD8B28 /* Main.storyboard */ = {isa = PBXFileReference; fileEncoding = 4; lastKnownFileType = file.storyboard; path = Main.storyboard; sourceTree = "<group>"; };
/* End PBXFileReference section */

/* Begin PBXFrameworksBuildPhase section */
		BBE1CE4A1EE27A4300445D54 /* Frameworks */ = {
			isa = PBXFrameworksBuildPhase;
			buildActionMask = 2147483647;
			files = (
				BBCC721F1FFBB9020090C7E0 /* DFRFoundation.framework in Frameworks */,
			);
			runOnlyForDeploymentPostprocessing = 0;
		};
/* End PBXFrameworksBuildPhase section */

/* Begin PBXGroup section */
		BBCC721D1FFBB9010090C7E0 /* Frameworks */ = {
			isa = PBXGroup;
			children = (
				BBCC721E1FFBB9020090C7E0 /* DFRFoundation.framework */,
			);
			name = Frameworks;
			sourceTree = "<group>";
		};
		BBE1CE441EE27A4300445D54 = {
			isa = PBXGroup;
			children = (
				BBE1CE4F1EE27A4300445D54 /* Shrug */,
				BBE1CE4E1EE27A4300445D54 /* Products */,
				BBCC721D1FFBB9010090C7E0 /* Frameworks */,
			);
			sourceTree = "<group>";
		};
		BBE1CE4E1EE27A4300445D54 /* Products */ = {
			isa = PBXGroup;
			children = (
				BBE1CE4D1EE27A4300445D54 /* Shrug.app */,
			);
			name = Products;
			sourceTree = "<group>";
		};
		BBE1CE4F1EE27A4300445D54 /* Shrug */ = {
			isa = PBXGroup;
			children = (
				BBE1CE541EE27A4300445D54 /* Assets.xcassets */,
				BBE1CE591EE27A4400445D54 /* Info.plist */,
				BBE1CE641EE27B3800445D54 /* Shrug-Bridging-Header.h */,
				BBE1CE631EE27B2800445D54 /* TouchBarPrivateAPI.h */,
				BBE1CE501EE27A4300445D54 /* AppDelegate.swift */,
				BBE1CE681EE27BE300445D54 /* TouchBarController.swift */,
				BBE1ED901FFBCB820022BD3A /* Constants.swift */,
				E97A33E42040DD0E00BD8B28 /* PostCommandKey.h */,
				E97A33E92040EC5600BD8B28 /* Main.storyboard */,
			);
			path = Shrug;
			sourceTree = "<group>";
		};
/* End PBXGroup section */

/* Begin PBXNativeTarget section */
		BBE1CE4C1EE27A4300445D54 /* Shrug */ = {
			isa = PBXNativeTarget;
			buildConfigurationList = BBE1CE5C1EE27A4400445D54 /* Build configuration list for PBXNativeTarget "Shrug" */;
			buildPhases = (
				BBE1CE491EE27A4300445D54 /* Sources */,
				BBE1CE4A1EE27A4300445D54 /* Frameworks */,
				BBE1CE4B1EE27A4300445D54 /* Resources */,
				BB19EDC51EE7ABEB00CD05EB /* ShellScript */,
			);
			buildRules = (
			);
			dependencies = (
			);
			name = Shrug;
			productName = Shrug;
			productReference = BBE1CE4D1EE27A4300445D54 /* Shrug.app */;
			productType = "com.apple.product-type.application";
		};
/* End PBXNativeTarget section */

/* Begin PBXProject section */
		BBE1CE451EE27A4300445D54 /* Project object */ = {
			isa = PBXProject;
			attributes = {
				LastSwiftUpdateCheck = 0830;
				LastUpgradeCheck = 0920;
				ORGANIZATIONNAME = "Thomas Alrek";
				TargetAttributes = {
					BBE1CE4C1EE27A4300445D54 = {
						CreatedOnToolsVersion = 8.3.2;
						DevelopmentTeam = F49SYC336G;
						LastSwiftMigration = 0920;
						ProvisioningStyle = Automatic;
					};
				};
			};
			buildConfigurationList = BBE1CE481EE27A4300445D54 /* Build configuration list for PBXProject "Shrug" */;
			compatibilityVersion = "Xcode 3.2";
			developmentRegion = English;
			hasScannedForEncodings = 0;
			knownRegions = (
				en,
				Base,
			);
			mainGroup = BBE1CE441EE27A4300445D54;
			productRefGroup = BBE1CE4E1EE27A4300445D54 /* Products */;
			projectDirPath = "";
			projectRoot = "";
			targets = (
				BBE1CE4C1EE27A4300445D54 /* Shrug */,
			);
		};
/* End PBXProject section */

/* Begin PBXResourcesBuildPhase section */
		BBE1CE4B1EE27A4300445D54 /* Resources */ = {
			isa = PBXResourcesBuildPhase;
			buildActionMask = 2147483647;
			files = (
				BBE1CE551EE27A4300445D54 /* Assets.xcassets in Resources */,
				E97A33EA2040EC5600BD8B28 /* Main.storyboard in Resources */,
			);
			runOnlyForDeploymentPostprocessing = 0;
		};
/* End PBXResourcesBuildPhase section */

/* Begin PBXShellScriptBuildPhase section */
		BB19EDC51EE7ABEB00CD05EB /* ShellScript */ = {
			isa = PBXShellScriptBuildPhase;
			buildActionMask = 2147483647;
			files = (
			);
			inputPaths = (
			);
			outputPaths = (
			);
			runOnlyForDeploymentPostprocessing = 0;
			shellPath = /bin/sh;
			shellScript = "buildNumber=$(/usr/libexec/PlistBuddy -c \"Print CFBundleVersion\" \"${PROJECT_DIR}/${INFOPLIST_FILE}\")\nbuildNumber=$(($buildNumber + 1))\n/usr/libexec/PlistBuddy -c \"Set :CFBundleVersion $buildNumber\" \"${PROJECT_DIR}/${INFOPLIST_FILE}\"";
		};
/* End PBXShellScriptBuildPhase section */

/* Begin PBXSourcesBuildPhase section */
		BBE1CE491EE27A4300445D54 /* Sources */ = {
			isa = PBXSourcesBuildPhase;
			buildActionMask = 2147483647;
			files = (
				BBE1CE511EE27A4300445D54 /* AppDelegate.swift in Sources */,
				BBE1CE691EE27BE300445D54 /* TouchBarController.swift in Sources */,
				BBE1ED911FFBCB820022BD3A /* Constants.swift in Sources */,
			);
			runOnlyForDeploymentPostprocessing = 0;
		};
/* End PBXSourcesBuildPhase section */

/* Begin XCBuildConfiguration section */
		BBE1CE5A1EE27A4400445D54 /* Debug */ = {
			isa = XCBuildConfiguration;
			buildSettings = {
				ALWAYS_SEARCH_USER_PATHS = NO;
				CLANG_ANALYZER_NONNULL = YES;
				CLANG_ANALYZER_NUMBER_OBJECT_CONVERSION = YES_AGGRESSIVE;
				CLANG_CXX_LANGUAGE_STANDARD = "gnu++0x";
				CLANG_CXX_LIBRARY = "libc++";
				CLANG_ENABLE_MODULES = YES;
				CLANG_ENABLE_OBJC_ARC = YES;
				CLANG_WARN_BLOCK_CAPTURE_AUTORELEASING = YES;
				CLANG_WARN_BOOL_CONVERSION = YES;
				CLANG_WARN_COMMA = YES;
				CLANG_WARN_CONSTANT_CONVERSION = YES;
				CLANG_WARN_DIRECT_OBJC_ISA_USAGE = YES_ERROR;
				CLANG_WARN_DOCUMENTATION_COMMENTS = YES;
				CLANG_WARN_EMPTY_BODY = YES;
				CLANG_WARN_ENUM_CONVERSION = YES;
				CLANG_WARN_INFINITE_RECURSION = YES;
				CLANG_WARN_INT_CONVERSION = YES;
				CLANG_WARN_NON_LITERAL_NULL_CONVERSION = YES;
				CLANG_WARN_OBJC_LITERAL_CONVERSION = YES;
				CLANG_WARN_OBJC_ROOT_CLASS = YES_ERROR;
				CLANG_WARN_RANGE_LOOP_ANALYSIS = YES;
				CLANG_WARN_STRICT_PROTOTYPES = YES;
				CLANG_WARN_SUSPICIOUS_MOVE = YES;
				CLANG_WARN_UNREACHABLE_CODE = YES;
				CLANG_WARN__DUPLICATE_METHOD_MATCH = YES;
				CODE_SIGN_IDENTITY = "-";
				COPY_PHASE_STRIP = NO;
				DEBUG_INFORMATION_FORMAT = dwarf;
				ENABLE_STRICT_OBJC_MSGSEND = YES;
				ENABLE_TESTABILITY = YES;
				GCC_C_LANGUAGE_STANDARD = gnu99;
				GCC_DYNAMIC_NO_PIC = NO;
				GCC_NO_COMMON_BLOCKS = YES;
				GCC_OPTIMIZATION_LEVEL = 0;
				GCC_PREPROCESSOR_DEFINITIONS = (
					"DEBUG=1",
					"$(inherited)",
				);
				GCC_WARN_64_TO_32_BIT_CONVERSION = YES;
				GCC_WARN_ABOUT_RETURN_TYPE = YES_ERROR;
				GCC_WARN_UNDECLARED_SELECTOR = YES;
				GCC_WARN_UNINITIALIZED_AUTOS = YES_AGGRESSIVE;
				GCC_WARN_UNUSED_FUNCTION = YES;
				GCC_WARN_UNUSED_VARIABLE = YES;
				MACOSX_DEPLOYMENT_TARGET = 10.13;
				MTL_ENABLE_DEBUG_INFO = YES;
				ONLY_ACTIVE_ARCH = YES;
				SDKROOT = macosx;
				SWIFT_ACTIVE_COMPILATION_CONDITIONS = DEBUG;
				SWIFT_OPTIMIZATION_LEVEL = "-Onone";
			};
			name = Debug;
		};
		BBE1CE5B1EE27A4400445D54 /* Release */ = {
			isa = XCBuildConfiguration;
			buildSettings = {
				ALWAYS_SEARCH_USER_PATHS = NO;
				CLANG_ANALYZER_NONNULL = YES;
				CLANG_ANALYZER_NUMBER_OBJECT_CONVERSION = YES_AGGRESSIVE;
				CLANG_CXX_LANGUAGE_STANDARD = "gnu++0x";
				CLANG_CXX_LIBRARY = "libc++";
				CLANG_ENABLE_MODULES = YES;
				CLANG_ENABLE_OBJC_ARC = YES;
				CLANG_WARN_BLOCK_CAPTURE_AUTORELEASING = YES;
				CLANG_WARN_BOOL_CONVERSION = YES;
				CLANG_WARN_COMMA = YES;
				CLANG_WARN_CONSTANT_CONVERSION = YES;
				CLANG_WARN_DIRECT_OBJC_ISA_USAGE = YES_ERROR;
				CLANG_WARN_DOCUMENTATION_COMMENTS = YES;
				CLANG_WARN_EMPTY_BODY = YES;
				CLANG_WARN_ENUM_CONVERSION = YES;
				CLANG_WARN_INFINITE_RECURSION = YES;
				CLANG_WARN_INT_CONVERSION = YES;
				CLANG_WARN_NON_LITERAL_NULL_CONVERSION = YES;
				CLANG_WARN_OBJC_LITERAL_CONVERSION = YES;
				CLANG_WARN_OBJC_ROOT_CLASS = YES_ERROR;
				CLANG_WARN_RANGE_LOOP_ANALYSIS = YES;
				CLANG_WARN_STRICT_PROTOTYPES = YES;
				CLANG_WARN_SUSPICIOUS_MOVE = YES;
				CLANG_WARN_UNREACHABLE_CODE = YES;
				CLANG_WARN__DUPLICATE_METHOD_MATCH = YES;
				CODE_SIGN_IDENTITY = "-";
				COPY_PHASE_STRIP = NO;
				DEBUG_INFORMATION_FORMAT = "dwarf-with-dsym";
				ENABLE_NS_ASSERTIONS = NO;
				ENABLE_STRICT_OBJC_MSGSEND = YES;
				GCC_C_LANGUAGE_STANDARD = gnu99;
				GCC_NO_COMMON_BLOCKS = YES;
				GCC_WARN_64_TO_32_BIT_CONVERSION = YES;
				GCC_WARN_ABOUT_RETURN_TYPE = YES_ERROR;
				GCC_WARN_UNDECLARED_SELECTOR = YES;
				GCC_WARN_UNINITIALIZED_AUTOS = YES_AGGRESSIVE;
				GCC_WARN_UNUSED_FUNCTION = YES;
				GCC_WARN_UNUSED_VARIABLE = YES;
				MACOSX_DEPLOYMENT_TARGET = 10.13;
				MTL_ENABLE_DEBUG_INFO = NO;
				SDKROOT = macosx;
				SWIFT_OPTIMIZATION_LEVEL = "-Owholemodule";
			};
			name = Release;
		};
		BBE1CE5D1EE27A4400445D54 /* Debug */ = {
			isa = XCBuildConfiguration;
			buildSettings = {
				ASSETCATALOG_COMPILER_APPICON_NAME = AppIcon;
				CLANG_ENABLE_MODULES = YES;
				COMBINE_HIDPI_IMAGES = YES;
				DEVELOPMENT_TEAM = F49SYC336G;
				FRAMEWORK_SEARCH_PATHS = (
					"$(inherited)",
					"$(SYSTEM_LIBRARY_DIR)/PrivateFrameworks",
				);
				INFOPLIST_FILE = Shrug/Info.plist;
				LD_RUNPATH_SEARCH_PATHS = "$(inherited) @executable_path/../Frameworks";
				PRODUCT_BUNDLE_IDENTIFIER = no.alrek.Shrug;
				PRODUCT_NAME = "$(TARGET_NAME)";
				SWIFT_OBJC_BRIDGING_HEADER = "Shrug/Shrug-Bridging-Header.h";
				SWIFT_OPTIMIZATION_LEVEL = "-Onone";
				SWIFT_VERSION = 4.0;
			};
			name = Debug;
		};
		BBE1CE5E1EE27A4400445D54 /* Release */ = {
			isa = XCBuildConfiguration;
			buildSettings = {
				ASSETCATALOG_COMPILER_APPICON_NAME = AppIcon;
				CLANG_ENABLE_MODULES = YES;
				COMBINE_HIDPI_IMAGES = YES;
				DEVELOPMENT_TEAM = F49SYC336G;
				FRAMEWORK_SEARCH_PATHS = (
					"$(inherited)",
					"$(SYSTEM_LIBRARY_DIR)/PrivateFrameworks",
				);
				INFOPLIST_FILE = Shrug/Info.plist;
				LD_RUNPATH_SEARCH_PATHS = "$(inherited) @executable_path/../Frameworks";
				PRODUCT_BUNDLE_IDENTIFIER = no.alrek.Shrug;
				PRODUCT_NAME = "$(TARGET_NAME)";
				SWIFT_OBJC_BRIDGING_HEADER = "Shrug/Shrug-Bridging-Header.h";
				SWIFT_VERSION = 4.0;
			};
			name = Release;
		};
/* End XCBuildConfiguration section */

/* Begin XCConfigurationList section */
		BBE1CE481EE27A4300445D54 /* Build configuration list for PBXProject "Shrug" */ = {
			isa = XCConfigurationList;
			buildConfigurations = (
				BBE1CE5A1EE27A4400445D54 /* Debug */,
				BBE1CE5B1EE27A4400445D54 /* Release */,
			);
			defaultConfigurationIsVisible = 0;
			defaultConfigurationName = Release;
		};
		BBE1CE5C1EE27A4400445D54 /* Build configuration list for PBXNativeTarget "Shrug" */ = {
			isa = XCConfigurationList;
			buildConfigurations = (
				BBE1CE5D1EE27A4400445D54 /* Debug */,
				BBE1CE5E1EE27A4400445D54 /* Release */,
			);
			defaultConfigurationIsVisible = 0;
			defaultConfigurationName = Release;
		};
/* End XCConfigurationList section */
	};
	rootObject = BBE1CE451EE27A4300445D54 /* Project object */;
}
